
Microsoft Visual Studio Solution File, Format Version 12.00
# Visual Studio 15
VisualStudioVersion = 15.0.28307.1022
MinimumVisualStudioVersion = 10.0.40219.1
Project("{FAE04EC0-301F-11D3-BF4B-00C04F79EFBC}") = "OdeToFood.Data", "OdeToFood.Data\OdeToFood.Data.csproj", "{1DDD8D26-6F98-4C7A-8F5A-13B788EFBE71}"
EndProject
Project("{FAE04EC0-301F-11D3-BF4B-00C04F79EFBC}") = "OdeToFood.Web1", "OdeToFood.Web1\OdeToFood.Web1.csproj", "{C9A5B788-1FE5-4071-A90B-D3ABE1C36BDC}"
EndProject
Global
	GlobalSection(SolutionConfigurationPlatforms) = preSolution
		Debug|Any CPU = Debug|Any CPU
		Release|Any CPU = Release|Any CPU
	EndGlobalSection
	GlobalSection(ProjectConfigurationPlatforms) = postSolution
		{1DDD8D26-6F98-4C7A-8F5A-13B788EFBE71}.Debug|Any CPU.ActiveCfg = Debug|Any CPU
		{1DDD8D26-6F98-4C7A-8F5A-13B788EFBE71}.Debug|Any CPU.Build.0 = Debug|Any CPU
		{1DDD8D26-6F98-4C7A-8F5A-13B788EFBE71}.Release|Any CPU.ActiveCfg = Release|Any CPU
		{1DDD8D26-6F98-4C7A-8F5A-13B788EFBE71}.Release|Any CPU.Build.0 = Release|Any CPU
		{C9A5B788-1FE5-4071-A90B-D3ABE1C36BDC}.Debug|Any CPU.ActiveCfg = Debug|Any CPU
		{C9A5B788-1FE5-4071-A90B-D3ABE1C36BDC}.Debug|Any CPU.Build.0 = Debug|Any CPU
		{C9A5B788-1FE5-4071-A90B-D3ABE1C36BDC}.Release|Any CPU.ActiveCfg = Release|Any CPU
		{C9A5B788-1FE5-4071-A90B-D3ABE1C36BDC}.Release|Any CPU.Build.0 = Release|Any CPU
	EndGlobalSection
	GlobalSection(SolutionProperties) = preSolution
		HideSolutionNode = FALSE
	EndGlobalSection
	GlobalSection(ExtensibilityGlobals) = postSolution
		SolutionGuid = {3979AEF6-5B78-41BF-9DC3-47E6026E1F75}
	EndGlobalSection
EndGlobal
